
Microsoft Visual Studio Solution File, Format Version 12.00
# Visual Studio Version 16
VisualStudioVersion = 16.0.29806.167
MinimumVisualStudioVersion = 10.0.40219.1
Project("{FAE04EC0-301F-11D3-BF4B-00C04F79EFBC}") = "task_paint", "task_paint.csproj", "{CA5E25C0-C28F-4FF5-8EA0-26DB9CC6BDA1}"
EndProject
Global
	GlobalSection(SolutionConfigurationPlatforms) = preSolution
		Debug|Any CPU = Debug|Any CPU
		Release|Any CPU = Release|Any CPU
	EndGlobalSection
	GlobalSection(ProjectConfigurationPlatforms) = postSolution
		{CA5E25C0-C28F-4FF5-8EA0-26DB9CC6BDA1}.Debug|Any CPU.ActiveCfg = Debug|Any CPU
		{CA5E25C0-C28F-4FF5-8EA0-26DB9CC6BDA1}.Debug|Any CPU.Build.0 = Debug|Any CPU
		{CA5E25C0-C28F-4FF5-8EA0-26DB9CC6BDA1}.Release|Any CPU.ActiveCfg = Release|Any CPU
		{CA5E25C0-C28F-4FF5-8EA0-26DB9CC6BDA1}.Release|Any CPU.Build.0 = Release|Any CPU
	EndGlobalSection
	GlobalSection(SolutionProperties) = preSolution
		HideSolutionNode = FALSE
	EndGlobalSection
	GlobalSection(ExtensibilityGlobals) = postSolution
		SolutionGuid = {8D385E5C-7DB3-4871-A6C2-1779A7510D0F}
	EndGlobalSection
EndGlobal
