
Microsoft Visual Studio Solution File, Format Version 12.00
# Visual Studio Version 16
VisualStudioVersion = 16.0.31019.35
MinimumVisualStudioVersion = 10.0.40219.1
Project("{FAE04EC0-301F-11D3-BF4B-00C04F79EFBC}") = "WindowsFormsApp1", "WindowsFormsApp1.csproj", "{88FA6AED-8EB7-48DF-AE66-7F279C27234A}"
EndProject
Global
	GlobalSection(SolutionConfigurationPlatforms) = preSolution
		Debug|Any CPU = Debug|Any CPU
		Release|Any CPU = Release|Any CPU
	EndGlobalSection
	GlobalSection(ProjectConfigurationPlatforms) = postSolution
		{88FA6AED-8EB7-48DF-AE66-7F279C27234A}.Debug|Any CPU.ActiveCfg = Debug|Any CPU
		{88FA6AED-8EB7-48DF-AE66-7F279C27234A}.Debug|Any CPU.Build.0 = Debug|Any CPU
		{88FA6AED-8EB7-48DF-AE66-7F279C27234A}.Release|Any CPU.ActiveCfg = Release|Any CPU
		{88FA6AED-8EB7-48DF-AE66-7F279C27234A}.Release|Any CPU.Build.0 = Release|Any CPU
	EndGlobalSection
	GlobalSection(SolutionProperties) = preSolution
		HideSolutionNode = FALSE
	EndGlobalSection
	GlobalSection(ExtensibilityGlobals) = postSolution
		SolutionGuid = {6C5EB5AD-0AFC-4EFC-B8D3-1A915F89606D}
	EndGlobalSection
EndGlobal
